
Microsoft Visual Studio Solution File, Format Version 12.00
# Visual Studio Version 16
VisualStudioVersion = 16.0.31005.135
MinimumVisualStudioVersion = 10.0.40219.1
Project("{9A19103F-16F7-4668-BE54-9A1E7A4F7556}") = "Variables", "Variables\Variables.csproj", "{2A7C387F-0414-410E-A4ED-A7CB6CFDD6EC}"
EndProject
Project("{9A19103F-16F7-4668-BE54-9A1E7A4F7556}") = "Dolar Example", "Dolar Example\Dolar Example.csproj", "{B62F5131-BAB7-4097-AEA0-7525E14DC2BC}"
EndProject
Project("{9A19103F-16F7-4668-BE54-9A1E7A4F7556}") = "Loop (for)", "Loop (for)\Loop (for).csproj", "{D571E305-7D56-4DE9-A722-91EF22B1B6B8}"
EndProject
Project("{9A19103F-16F7-4668-BE54-9A1E7A4F7556}") = "Array", "Array\Array.csproj", "{94F5581F-955A-4545-9754-B73B6451F46B}"
EndProject
Project("{9A19103F-16F7-4668-BE54-9A1E7A4F7556}") = "Class", "Class\Class.csproj", "{55915F10-A6E9-4308-8B05-5CD5D95B4A37}"
EndProject
Project("{9A19103F-16F7-4668-BE54-9A1E7A4F7556}") = "Value and Reference Types", "Value and Reference Types\Value and Reference Types.csproj", "{D2DA581E-ECA5-444B-8D85-4885EB0A24E5}"
EndProject
Project("{9A19103F-16F7-4668-BE54-9A1E7A4F7556}") = "Methods", "Methods\Methods.csproj", "{125AE8E6-E0C3-4147-8463-387F5CE09D49}"
EndProject
Project("{9A19103F-16F7-4668-BE54-9A1E7A4F7556}") = "Object Oriented Programming - I", "Object Oriented Programming - I\Object Oriented Programming - I.csproj", "{69DC622F-7E75-4B5D-8C17-2BA3A28B4FBE}"
EndProject
Project("{9A19103F-16F7-4668-BE54-9A1E7A4F7556}") = "Collections", "Collections\Collections.csproj", "{AEAD5A64-A9E6-43A6-A0E6-7234BA793549}"
EndProject
Project("{9A19103F-16F7-4668-BE54-9A1E7A4F7556}") = "Explanation of Object Oriented Programming", "Explanation of Object Oriented Programming\Explanation of Object Oriented Programming.csproj", "{B07BF080-F755-4F18-ADB0-5EC8321DC4BF}"
EndProject
Project("{9A19103F-16F7-4668-BE54-9A1E7A4F7556}") = "Object Oriented Programming - II", "Object Oriented Programming - II\Object Oriented Programming - II.csproj", "{965D9E6B-704E-4198-8733-4B5027B1F61F}"
EndProject
Project("{9A19103F-16F7-4668-BE54-9A1E7A4F7556}") = "Object Oriented Programming - III", "Object Oriented Programming - III\Object Oriented Programming - III.csproj", "{4519698B-000D-465F-BED3-6DE5931061C8}"
EndProject
Project("{9A19103F-16F7-4668-BE54-9A1E7A4F7556}") = "Explanation of Switch", "Explanation of Switch\Explanation of Switch.csproj", "{9A4BCB68-66F0-4949-B2FA-228E1CF48674}"
EndProject
Project("{9A19103F-16F7-4668-BE54-9A1E7A4F7556}") = "Loop (while)", "Loop (while)\Loop (while).csproj", "{1074CFDC-3386-432A-91FE-F35F7DAD8B11}"
EndProject
Project("{9A19103F-16F7-4668-BE54-9A1E7A4F7556}") = "Technological Products Example (for,while and foreach)", "Technological Products Example (for and while)\Technological Products Example (for,while and foreach).csproj", "{75A4E17C-BB21-4317-88FA-0B2E2FEBCECF}"
EndProject
Project("{9A19103F-16F7-4668-BE54-9A1E7A4F7556}") = "Customer Tracking Example in a Bank", "Customer Tracking Example in a Bank\Customer Tracking Example in a Bank.csproj", "{78275A20-E1DC-48D4-B706-B1732048C208}"
EndProject
Project("{9A19103F-16F7-4668-BE54-9A1E7A4F7556}") = "Ref Parameter Usage", "Ref Parameter Usage\Ref Parameter Usage.csproj", "{5B7A957A-CE79-45A2-9991-67B7C2233FC5}"
EndProject
Project("{9A19103F-16F7-4668-BE54-9A1E7A4F7556}") = "Out Parameter Usage", "Out Parameter Usage\Out Parameter Usage.csproj", "{B87BC5A7-498F-495E-9C2A-AA4B650FC824}"
EndProject
Project("{9A19103F-16F7-4668-BE54-9A1E7A4F7556}") = "Dictionary Class", "Dictionary Class\Dictionary Class.csproj", "{6A5A209A-6CEC-444E-82BA-2E7CCF15E6EC}"
EndProject
Project("{9A19103F-16F7-4668-BE54-9A1E7A4F7556}") = "MyDictionary (Dictionary)", "MyList (Dictionary)\MyDictionary (Dictionary).csproj", "{C0DE013C-6E3E-485D-AB15-73370B2E1FCC}"
EndProject
Project("{FAE04EC0-301F-11D3-BF4B-00C04F79EFBC}") = "Abstract Class", "Abstract Class\Abstract Class.csproj", "{26D109E0-BEA7-4B75-AEFF-8AC849661C8D}"
EndProject
Global
	GlobalSection(SolutionConfigurationPlatforms) = preSolution
		Debug|Any CPU = Debug|Any CPU
		Release|Any CPU = Release|Any CPU
	EndGlobalSection
	GlobalSection(ProjectConfigurationPlatforms) = postSolution
		{2A7C387F-0414-410E-A4ED-A7CB6CFDD6EC}.Debug|Any CPU.ActiveCfg = Debug|Any CPU
		{2A7C387F-0414-410E-A4ED-A7CB6CFDD6EC}.Debug|Any CPU.Build.0 = Debug|Any CPU
		{2A7C387F-0414-410E-A4ED-A7CB6CFDD6EC}.Release|Any CPU.ActiveCfg = Release|Any CPU
		{2A7C387F-0414-410E-A4ED-A7CB6CFDD6EC}.Release|Any CPU.Build.0 = Release|Any CPU
		{B62F5131-BAB7-4097-AEA0-7525E14DC2BC}.Debug|Any CPU.ActiveCfg = Debug|Any CPU
		{B62F5131-BAB7-4097-AEA0-7525E14DC2BC}.Debug|Any CPU.Build.0 = Debug|Any CPU
		{B62F5131-BAB7-4097-AEA0-7525E14DC2BC}.Release|Any CPU.ActiveCfg = Release|Any CPU
		{B62F5131-BAB7-4097-AEA0-7525E14DC2BC}.Release|Any CPU.Build.0 = Release|Any CPU
		{D571E305-7D56-4DE9-A722-91EF22B1B6B8}.Debug|Any CPU.ActiveCfg = Debug|Any CPU
		{D571E305-7D56-4DE9-A722-91EF22B1B6B8}.Debug|Any CPU.Build.0 = Debug|Any CPU
		{D571E305-7D56-4DE9-A722-91EF22B1B6B8}.Release|Any CPU.ActiveCfg = Release|Any CPU
		{D571E305-7D56-4DE9-A722-91EF22B1B6B8}.Release|Any CPU.Build.0 = Release|Any CPU
		{94F5581F-955A-4545-9754-B73B6451F46B}.Debug|Any CPU.ActiveCfg = Debug|Any CPU
		{94F5581F-955A-4545-9754-B73B6451F46B}.Debug|Any CPU.Build.0 = Debug|Any CPU
		{94F5581F-955A-4545-9754-B73B6451F46B}.Release|Any CPU.ActiveCfg = Release|Any CPU
		{94F5581F-955A-4545-9754-B73B6451F46B}.Release|Any CPU.Build.0 = Release|Any CPU
		{55915F10-A6E9-4308-8B05-5CD5D95B4A37}.Debug|Any CPU.ActiveCfg = Debug|Any CPU
		{55915F10-A6E9-4308-8B05-5CD5D95B4A37}.Debug|Any CPU.Build.0 = Debug|Any CPU
		{55915F10-A6E9-4308-8B05-5CD5D95B4A37}.Release|Any CPU.ActiveCfg = Release|Any CPU
		{55915F10-A6E9-4308-8B05-5CD5D95B4A37}.Release|Any CPU.Build.0 = Release|Any CPU
		{D2DA581E-ECA5-444B-8D85-4885EB0A24E5}.Debug|Any CPU.ActiveCfg = Debug|Any CPU
		{D2DA581E-ECA5-444B-8D85-4885EB0A24E5}.Debug|Any CPU.Build.0 = Debug|Any CPU
		{D2DA581E-ECA5-444B-8D85-4885EB0A24E5}.Release|Any CPU.ActiveCfg = Release|Any CPU
		{D2DA581E-ECA5-444B-8D85-4885EB0A24E5}.Release|Any CPU.Build.0 = Release|Any CPU
		{125AE8E6-E0C3-4147-8463-387F5CE09D49}.Debug|Any CPU.ActiveCfg = Debug|Any CPU
		{125AE8E6-E0C3-4147-8463-387F5CE09D49}.Debug|Any CPU.Build.0 = Debug|Any CPU
		{125AE8E6-E0C3-4147-8463-387F5CE09D49}.Release|Any CPU.ActiveCfg = Release|Any CPU
		{125AE8E6-E0C3-4147-8463-387F5CE09D49}.Release|Any CPU.Build.0 = Release|Any CPU
		{69DC622F-7E75-4B5D-8C17-2BA3A28B4FBE}.Debug|Any CPU.ActiveCfg = Debug|Any CPU
		{69DC622F-7E75-4B5D-8C17-2BA3A28B4FBE}.Debug|Any CPU.Build.0 = Debug|Any CPU
		{69DC622F-7E75-4B5D-8C17-2BA3A28B4FBE}.Release|Any CPU.ActiveCfg = Release|Any CPU
		{69DC622F-7E75-4B5D-8C17-2BA3A28B4FBE}.Release|Any CPU.Build.0 = Release|Any CPU
		{AEAD5A64-A9E6-43A6-A0E6-7234BA793549}.Debug|Any CPU.ActiveCfg = Debug|Any CPU
		{AEAD5A64-A9E6-43A6-A0E6-7234BA793549}.Debug|Any CPU.Build.0 = Debug|Any CPU
		{AEAD5A64-A9E6-43A6-A0E6-7234BA793549}.Release|Any CPU.ActiveCfg = Release|Any CPU
		{AEAD5A64-A9E6-43A6-A0E6-7234BA793549}.Release|Any CPU.Build.0 = Release|Any CPU
		{B07BF080-F755-4F18-ADB0-5EC8321DC4BF}.Debug|Any CPU.ActiveCfg = Debug|Any CPU
		{B07BF080-F755-4F18-ADB0-5EC8321DC4BF}.Debug|Any CPU.Build.0 = Debug|Any CPU
		{B07BF080-F755-4F18-ADB0-5EC8321DC4BF}.Release|Any CPU.ActiveCfg = Release|Any CPU
		{B07BF080-F755-4F18-ADB0-5EC8321DC4BF}.Release|Any CPU.Build.0 = Release|Any CPU
		{965D9E6B-704E-4198-8733-4B5027B1F61F}.Debug|Any CPU.ActiveCfg = Debug|Any CPU
		{965D9E6B-704E-4198-8733-4B5027B1F61F}.Debug|Any CPU.Build.0 = Debug|Any CPU
		{965D9E6B-704E-4198-8733-4B5027B1F61F}.Release|Any CPU.ActiveCfg = Release|Any CPU
		{965D9E6B-704E-4198-8733-4B5027B1F61F}.Release|Any CPU.Build.0 = Release|Any CPU
		{4519698B-000D-465F-BED3-6DE5931061C8}.Debug|Any CPU.ActiveCfg = Debug|Any CPU
		{4519698B-000D-465F-BED3-6DE5931061C8}.Debug|Any CPU.Build.0 = Debug|Any CPU
		{4519698B-000D-465F-BED3-6DE5931061C8}.Release|Any CPU.ActiveCfg = Release|Any CPU
		{4519698B-000D-465F-BED3-6DE5931061C8}.Release|Any CPU.Build.0 = Release|Any CPU
		{9A4BCB68-66F0-4949-B2FA-228E1CF48674}.Debug|Any CPU.ActiveCfg = Debug|Any CPU
		{9A4BCB68-66F0-4949-B2FA-228E1CF48674}.Debug|Any CPU.Build.0 = Debug|Any CPU
		{9A4BCB68-66F0-4949-B2FA-228E1CF48674}.Release|Any CPU.ActiveCfg = Release|Any CPU
		{9A4BCB68-66F0-4949-B2FA-228E1CF48674}.Release|Any CPU.Build.0 = Release|Any CPU
		{1074CFDC-3386-432A-91FE-F35F7DAD8B11}.Debug|Any CPU.ActiveCfg = Debug|Any CPU
		{1074CFDC-3386-432A-91FE-F35F7DAD8B11}.Debug|Any CPU.Build.0 = Debug|Any CPU
		{1074CFDC-3386-432A-91FE-F35F7DAD8B11}.Release|Any CPU.ActiveCfg = Release|Any CPU
		{1074CFDC-3386-432A-91FE-F35F7DAD8B11}.Release|Any CPU.Build.0 = Release|Any CPU
		{75A4E17C-BB21-4317-88FA-0B2E2FEBCECF}.Debug|Any CPU.ActiveCfg = Debug|Any CPU
		{75A4E17C-BB21-4317-88FA-0B2E2FEBCECF}.Debug|Any CPU.Build.0 = Debug|Any CPU
		{75A4E17C-BB21-4317-88FA-0B2E2FEBCECF}.Release|Any CPU.ActiveCfg = Release|Any CPU
		{75A4E17C-BB21-4317-88FA-0B2E2FEBCECF}.Release|Any CPU.Build.0 = Release|Any CPU
		{78275A20-E1DC-48D4-B706-B1732048C208}.Debug|Any CPU.ActiveCfg = Debug|Any CPU
		{78275A20-E1DC-48D4-B706-B1732048C208}.Debug|Any CPU.Build.0 = Debug|Any CPU
		{78275A20-E1DC-48D4-B706-B1732048C208}.Release|Any CPU.ActiveCfg = Release|Any CPU
		{78275A20-E1DC-48D4-B706-B1732048C208}.Release|Any CPU.Build.0 = Release|Any CPU
		{5B7A957A-CE79-45A2-9991-67B7C2233FC5}.Debug|Any CPU.ActiveCfg = Debug|Any CPU
		{5B7A957A-CE79-45A2-9991-67B7C2233FC5}.Debug|Any CPU.Build.0 = Debug|Any CPU
		{5B7A957A-CE79-45A2-9991-67B7C2233FC5}.Release|Any CPU.ActiveCfg = Release|Any CPU
		{5B7A957A-CE79-45A2-9991-67B7C2233FC5}.Release|Any CPU.Build.0 = Release|Any CPU
		{B87BC5A7-498F-495E-9C2A-AA4B650FC824}.Debug|Any CPU.ActiveCfg = Debug|Any CPU
		{B87BC5A7-498F-495E-9C2A-AA4B650FC824}.Debug|Any CPU.Build.0 = Debug|Any CPU
		{B87BC5A7-498F-495E-9C2A-AA4B650FC824}.Release|Any CPU.ActiveCfg = Release|Any CPU
		{B87BC5A7-498F-495E-9C2A-AA4B650FC824}.Release|Any CPU.Build.0 = Release|Any CPU
		{6A5A209A-6CEC-444E-82BA-2E7CCF15E6EC}.Debug|Any CPU.ActiveCfg = Debug|Any CPU
		{6A5A209A-6CEC-444E-82BA-2E7CCF15E6EC}.Debug|Any CPU.Build.0 = Debug|Any CPU
		{6A5A209A-6CEC-444E-82BA-2E7CCF15E6EC}.Release|Any CPU.ActiveCfg = Release|Any CPU
		{6A5A209A-6CEC-444E-82BA-2E7CCF15E6EC}.Release|Any CPU.Build.0 = Release|Any CPU
		{C0DE013C-6E3E-485D-AB15-73370B2E1FCC}.Debug|Any CPU.ActiveCfg = Debug|Any CPU
		{C0DE013C-6E3E-485D-AB15-73370B2E1FCC}.Debug|Any CPU.Build.0 = Debug|Any CPU
		{C0DE013C-6E3E-485D-AB15-73370B2E1FCC}.Release|Any CPU.ActiveCfg = Release|Any CPU
		{C0DE013C-6E3E-485D-AB15-73370B2E1FCC}.Release|Any CPU.Build.0 = Release|Any CPU
		{26D109E0-BEA7-4B75-AEFF-8AC849661C8D}.Debug|Any CPU.ActiveCfg = Debug|Any CPU
		{26D109E0-BEA7-4B75-AEFF-8AC849661C8D}.Debug|Any CPU.Build.0 = Debug|Any CPU
		{26D109E0-BEA7-4B75-AEFF-8AC849661C8D}.Release|Any CPU.ActiveCfg = Release|Any CPU
		{26D109E0-BEA7-4B75-AEFF-8AC849661C8D}.Release|Any CPU.Build.0 = Release|Any CPU
	EndGlobalSection
	GlobalSection(SolutionProperties) = preSolution
		HideSolutionNode = FALSE
	EndGlobalSection
	GlobalSection(ExtensibilityGlobals) = postSolution
		SolutionGuid = {4E2E3556-48B1-4058-87C1-2B3916992371}
	EndGlobalSection
EndGlobal
